
Microsoft Visual Studio Solution File, Format Version 12.00
# Visual Studio 2013
VisualStudioVersion = 12.0.31101.0
MinimumVisualStudioVersion = 10.0.40219.1
Project("{FAE04EC0-301F-11D3-BF4B-00C04F79EFBC}") = "WebChat.Models", "WebChat.Models\WebChat.Models.csproj", "{148FD56C-4550-4DEA-8D51-3FD7DE3E1718}"
EndProject
Project("{FAE04EC0-301F-11D3-BF4B-00C04F79EFBC}") = "WebChat.Data", "WebChat.Data\WebChat.Data.csproj", "{B3BE23A8-F838-4F04-85E7-5F4C91FAA294}"
EndProject
Global
	GlobalSection(SolutionConfigurationPlatforms) = preSolution
		Debug|Any CPU = Debug|Any CPU
		Release|Any CPU = Release|Any CPU
	EndGlobalSection
	GlobalSection(ProjectConfigurationPlatforms) = postSolution
		{148FD56C-4550-4DEA-8D51-3FD7DE3E1718}.Debug|Any CPU.ActiveCfg = Debug|Any CPU
		{148FD56C-4550-4DEA-8D51-3FD7DE3E1718}.Debug|Any CPU.Build.0 = Debug|Any CPU
		{148FD56C-4550-4DEA-8D51-3FD7DE3E1718}.Release|Any CPU.ActiveCfg = Release|Any CPU
		{148FD56C-4550-4DEA-8D51-3FD7DE3E1718}.Release|Any CPU.Build.0 = Release|Any CPU
		{B3BE23A8-F838-4F04-85E7-5F4C91FAA294}.Debug|Any CPU.ActiveCfg = Debug|Any CPU
		{B3BE23A8-F838-4F04-85E7-5F4C91FAA294}.Debug|Any CPU.Build.0 = Debug|Any CPU
		{B3BE23A8-F838-4F04-85E7-5F4C91FAA294}.Release|Any CPU.ActiveCfg = Release|Any CPU
		{B3BE23A8-F838-4F04-85E7-5F4C91FAA294}.Release|Any CPU.Build.0 = Release|Any CPU
	EndGlobalSection
	GlobalSection(SolutionProperties) = preSolution
		HideSolutionNode = FALSE
	EndGlobalSection
EndGlobal
